
Microsoft Visual Studio Solution File, Format Version 12.00
# Visual Studio Version 17
VisualStudioVersion = 17.1.32328.378
MinimumVisualStudioVersion = 10.0.40219.1
Project("{FAE04EC0-301F-11D3-BF4B-00C04F79EFBC}") = "CourseWork", "CourseWork\CourseWork.csproj", "{513B0D15-56C7-453C-B811-0BCF28143CBB}"
EndProject
Project("{54435603-DBB4-11D2-8724-00A0C9A8B90C}") = "EmploymentCenterInstaller", "EmploymentCenterInstaller\EmploymentCenterInstaller.vdproj", "{ECA492F6-8BB5-4967-9803-979F7EE47825}"
EndProject
Global
	GlobalSection(SolutionConfigurationPlatforms) = preSolution
		Debug|Any CPU = Debug|Any CPU
		Release|Any CPU = Release|Any CPU
	EndGlobalSection
	GlobalSection(ProjectConfigurationPlatforms) = postSolution
		{513B0D15-56C7-453C-B811-0BCF28143CBB}.Debug|Any CPU.ActiveCfg = Debug|Any CPU
		{513B0D15-56C7-453C-B811-0BCF28143CBB}.Debug|Any CPU.Build.0 = Debug|Any CPU
		{513B0D15-56C7-453C-B811-0BCF28143CBB}.Release|Any CPU.ActiveCfg = Release|Any CPU
		{513B0D15-56C7-453C-B811-0BCF28143CBB}.Release|Any CPU.Build.0 = Release|Any CPU
		{ECA492F6-8BB5-4967-9803-979F7EE47825}.Debug|Any CPU.ActiveCfg = Debug
		{ECA492F6-8BB5-4967-9803-979F7EE47825}.Release|Any CPU.ActiveCfg = Release
	EndGlobalSection
	GlobalSection(SolutionProperties) = preSolution
		HideSolutionNode = FALSE
	EndGlobalSection
	GlobalSection(ExtensibilityGlobals) = postSolution
		SolutionGuid = {6942EC40-AD63-48F1-B062-B5152DF35EF2}
	EndGlobalSection
EndGlobal
